
Microsoft Visual Studio Solution File, Format Version 12.00
Project("{FAE04EC0-301F-11D3-BF4B-00C04F79EFBC}") = "UriJudge", "UriJudge\UriJudge.csproj", "{62EB0B37-138F-4292-8D4A-DC872407442A}"
EndProject
Project("{FAE04EC0-301F-11D3-BF4B-00C04F79EFBC}") = "UriJudgeTests", "UriJudgeTests\UriJudgeTests.csproj", "{F196C0DC-C030-4AE2-820C-83270D0D77A4}"
EndProject
Global
	GlobalSection(SolutionConfigurationPlatforms) = preSolution
		Debug|Any CPU = Debug|Any CPU
		Release|Any CPU = Release|Any CPU
	EndGlobalSection
	GlobalSection(ProjectConfigurationPlatforms) = postSolution
		{62EB0B37-138F-4292-8D4A-DC872407442A}.Debug|Any CPU.ActiveCfg = Debug|Any CPU
		{62EB0B37-138F-4292-8D4A-DC872407442A}.Debug|Any CPU.Build.0 = Debug|Any CPU
		{62EB0B37-138F-4292-8D4A-DC872407442A}.Release|Any CPU.ActiveCfg = Release|Any CPU
		{62EB0B37-138F-4292-8D4A-DC872407442A}.Release|Any CPU.Build.0 = Release|Any CPU
		{F196C0DC-C030-4AE2-820C-83270D0D77A4}.Debug|Any CPU.ActiveCfg = Debug|Any CPU
		{F196C0DC-C030-4AE2-820C-83270D0D77A4}.Debug|Any CPU.Build.0 = Debug|Any CPU
		{F196C0DC-C030-4AE2-820C-83270D0D77A4}.Release|Any CPU.ActiveCfg = Release|Any CPU
		{F196C0DC-C030-4AE2-820C-83270D0D77A4}.Release|Any CPU.Build.0 = Release|Any CPU
	EndGlobalSection
EndGlobal
